// !$*UTF8*$!
{
	archiveVersion = 1;
	classes = {
	};
	objectVersion = 46;
	objects = {

/* Begin PBXBuildFile section */
		4E0547FF1D6780D500FFF470 /* AppDelegate.swift in Sources */ = {isa = PBXBuildFile; fileRef = 4E0547FE1D6780D500FFF470 /* AppDelegate.swift */; };
		4E0548041D6780D500FFF470 /* Main.storyboard in Resources */ = {isa = PBXBuildFile; fileRef = 4E0548021D6780D500FFF470 /* Main.storyboard */; };
		4E0548061D6780D500FFF470 /* Assets.xcassets in Resources */ = {isa = PBXBuildFile; fileRef = 4E0548051D6780D500FFF470 /* Assets.xcassets */; };
		4E0548091D6780D500FFF470 /* LaunchScreen.storyboard in Resources */ = {isa = PBXBuildFile; fileRef = 4E0548071D6780D500FFF470 /* LaunchScreen.storyboard */; };
		4E0548141D6780D500FFF470 /* MemeMe_1_0Tests.swift in Sources */ = {isa = PBXBuildFile; fileRef = 4E0548131D6780D500FFF470 /* MemeMe_1_0Tests.swift */; };
		4E05481F1D6780D500FFF470 /* MemeMe_1_0UITests.swift in Sources */ = {isa = PBXBuildFile; fileRef = 4E05481E1D6780D500FFF470 /* MemeMe_1_0UITests.swift */; };
		4E05482D1D67811300FFF470 /* MemeMeViewController.swift in Sources */ = {isa = PBXBuildFile; fileRef = 4E05482C1D67811300FFF470 /* MemeMeViewController.swift */; };
		4E0548691D6AAB0300FFF470 /* MemeMeViewController+Extension.swift in Sources */ = {isa = PBXBuildFile; fileRef = 4E0548681D6AAB0300FFF470 /* MemeMeViewController+Extension.swift */; };
		4E05486B1D6AAD5500FFF470 /* Meme.swift in Sources */ = {isa = PBXBuildFile; fileRef = 4E05486A1D6AAD5500FFF470 /* Meme.swift */; };
/* End PBXBuildFile section */

/* Begin PBXContainerItemProxy section */
		4E0548101D6780D500FFF470 /* PBXContainerItemProxy */ = {
			isa = PBXContainerItemProxy;
			containerPortal = 4E0547F31D6780D500FFF470 /* Project object */;
			proxyType = 1;
			remoteGlobalIDString = 4E0547FA1D6780D500FFF470;
			remoteInfo = "MemeMe 1.0";
		};
		4E05481B1D6780D500FFF470 /* PBXContainerItemProxy */ = {
			isa = PBXContainerItemProxy;
			containerPortal = 4E0547F31D6780D500FFF470 /* Project object */;
			proxyType = 1;
			remoteGlobalIDString = 4E0547FA1D6780D500FFF470;
			remoteInfo = "MemeMe 1.0";
		};
/* End PBXContainerItemProxy section */

/* Begin PBXFileReference section */
		4E0547FB1D6780D500FFF470 /* MemeMe 1.0.app */ = {isa = PBXFileReference; explicitFileType = wrapper.application; includeInIndex = 0; path = "MemeMe 1.0.app"; sourceTree = BUILT_PRODUCTS_DIR; };
		4E0547FE1D6780D500FFF470 /* AppDelegate.swift */ = {isa = PBXFileReference; lastKnownFileType = sourcecode.swift; path = AppDelegate.swift; sourceTree = "<group>"; };
		4E0548031D6780D500FFF470 /* Base */ = {isa = PBXFileReference; lastKnownFileType = file.storyboard; name = Base; path = Base.lproj/Main.storyboard; sourceTree = "<group>"; };
		4E0548051D6780D500FFF470 /* Assets.xcassets */ = {isa = PBXFileReference; lastKnownFileType = folder.assetcatalog; path = Assets.xcassets; sourceTree = "<group>"; };
		4E0548081D6780D500FFF470 /* Base */ = {isa = PBXFileReference; lastKnownFileType = file.storyboard; name = Base; path = Base.lproj/LaunchScreen.storyboard; sourceTree = "<group>"; };
		4E05480A1D6780D500FFF470 /* Info.plist */ = {isa = PBXFileReference; lastKnownFileType = text.plist.xml; path = Info.plist; sourceTree = "<group>"; };
		4E05480F1D6780D500FFF470 /* MemeMe 1.0Tests.xctest */ = {isa = PBXFileReference; explicitFileType = wrapper.cfbundle; includeInIndex = 0; path = "MemeMe 1.0Tests.xctest"; sourceTree = BUILT_PRODUCTS_DIR; };
		4E0548131D6780D500FFF470 /* MemeMe_1_0Tests.swift */ = {isa = PBXFileReference; lastKnownFileType = sourcecode.swift; path = MemeMe_1_0Tests.swift; sourceTree = "<group>"; };
		4E0548151D6780D500FFF470 /* Info.plist */ = {isa = PBXFileReference; lastKnownFileType = text.plist.xml; path = Info.plist; sourceTree = "<group>"; };
		4E05481A1D6780D500FFF470 /* MemeMe 1.0UITests.xctest */ = {isa = PBXFileReference; explicitFileType = wrapper.cfbundle; includeInIndex = 0; path = "MemeMe 1.0UITests.xctest"; sourceTree = BUILT_PRODUCTS_DIR; };
		4E05481E1D6780D500FFF470 /* MemeMe_1_0UITests.swift */ = {isa = PBXFileReference; lastKnownFileType = sourcecode.swift; path = MemeMe_1_0UITests.swift; sourceTree = "<group>"; };
		4E0548201D6780D500FFF470 /* Info.plist */ = {isa = PBXFileReference; lastKnownFileType = text.plist.xml; path = Info.plist; sourceTree = "<group>"; };
		4E05482C1D67811300FFF470 /* MemeMeViewController.swift */ = {isa = PBXFileReference; fileEncoding = 4; lastKnownFileType = sourcecode.swift; path = MemeMeViewController.swift; sourceTree = "<group>"; };
		4E0548681D6AAB0300FFF470 /* MemeMeViewController+Extension.swift */ = {isa = PBXFileReference; fileEncoding = 4; lastKnownFileType = sourcecode.swift; path = "MemeMeViewController+Extension.swift"; sourceTree = "<group>"; };
		4E05486A1D6AAD5500FFF470 /* Meme.swift */ = {isa = PBXFileReference; fileEncoding = 4; lastKnownFileType = sourcecode.swift; path = Meme.swift; sourceTree = "<group>"; };
/* End PBXFileReference section */

/* Begin PBXFrameworksBuildPhase section */
		4E0547F81D6780D500FFF470 /* Frameworks */ = {
			isa = PBXFrameworksBuildPhase;
			buildActionMask = 2147483647;
			files = (
			);
			runOnlyForDeploymentPostprocessing = 0;
		};
		4E05480C1D6780D500FFF470 /* Frameworks */ = {
			isa = PBXFrameworksBuildPhase;
			buildActionMask = 2147483647;
			files = (
			);
			runOnlyForDeploymentPostprocessing = 0;
		};
		4E0548171D6780D500FFF470 /* Frameworks */ = {
			isa = PBXFrameworksBuildPhase;
			buildActionMask = 2147483647;
			files = (
			);
			runOnlyForDeploymentPostprocessing = 0;
		};
/* End PBXFrameworksBuildPhase section */

/* Begin PBXGroup section */
		4E0547F21D6780D500FFF470 = {
			isa = PBXGroup;
			children = (
				4E0547FD1D6780D500FFF470 /* MemeMe 1.0 */,
				4E0548121D6780D500FFF470 /* MemeMe 1.0Tests */,
				4E05481D1D6780D500FFF470 /* MemeMe 1.0UITests */,
				4E0547FC1D6780D500FFF470 /* Products */,
			);
			sourceTree = "<group>";
		};
		4E0547FC1D6780D500FFF470 /* Products */ = {
			isa = PBXGroup;
			children = (
				4E0547FB1D6780D500FFF470 /* MemeMe 1.0.app */,
				4E05480F1D6780D500FFF470 /* MemeMe 1.0Tests.xctest */,
				4E05481A1D6780D500FFF470 /* MemeMe 1.0UITests.xctest */,
			);
			name = Products;
			sourceTree = "<group>";
		};
		4E0547FD1D6780D500FFF470 /* MemeMe 1.0 */ = {
			isa = PBXGroup;
			children = (
				4E0547FE1D6780D500FFF470 /* AppDelegate.swift */,
				4E0548021D6780D500FFF470 /* Main.storyboard */,
				4E0548051D6780D500FFF470 /* Assets.xcassets */,
				4E0548071D6780D500FFF470 /* LaunchScreen.storyboard */,
				4E05480A1D6780D500FFF470 /* Info.plist */,
				4E05482C1D67811300FFF470 /* MemeMeViewController.swift */,
				4E0548681D6AAB0300FFF470 /* MemeMeViewController+Extension.swift */,
				4E05486A1D6AAD5500FFF470 /* Meme.swift */,
			);
			path = "MemeMe 1.0";
			sourceTree = "<group>";
		};
		4E0548121D6780D500FFF470 /* MemeMe 1.0Tests */ = {
			isa = PBXGroup;
			children = (
				4E0548131D6780D500FFF470 /* MemeMe_1_0Tests.swift */,
				4E0548151D6780D500FFF470 /* Info.plist */,
			);
			path = "MemeMe 1.0Tests";
			sourceTree = "<group>";
		};
		4E05481D1D6780D500FFF470 /* MemeMe 1.0UITests */ = {
			isa = PBXGroup;
			children = (
				4E05481E1D6780D500FFF470 /* MemeMe_1_0UITests.swift */,
				4E0548201D6780D500FFF470 /* Info.plist */,
			);
			path = "MemeMe 1.0UITests";
			sourceTree = "<group>";
		};
/* End PBXGroup section */

/* Begin PBXNativeTarget section */
		4E0547FA1D6780D500FFF470 /* MemeMe 1.0 */ = {
			isa = PBXNativeTarget;
			buildConfigurationList = 4E0548231D6780D500FFF470 /* Build configuration list for PBXNativeTarget "MemeMe 1.0" */;
			buildPhases = (
				4E0547F71D6780D500FFF470 /* Sources */,
				4E0547F81D6780D500FFF470 /* Frameworks */,
				4E0547F91D6780D500FFF470 /* Resources */,
			);
			buildRules = (
			);
			dependencies = (
			);
			name = "MemeMe 1.0";
			productName = "MemeMe 1.0";
			productReference = 4E0547FB1D6780D500FFF470 /* MemeMe 1.0.app */;
			productType = "com.apple.product-type.application";
		};
		4E05480E1D6780D500FFF470 /* MemeMe 1.0Tests */ = {
			isa = PBXNativeTarget;
			buildConfigurationList = 4E0548261D6780D500FFF470 /* Build configuration list for PBXNativeTarget "MemeMe 1.0Tests" */;
			buildPhases = (
				4E05480B1D6780D500FFF470 /* Sources */,
				4E05480C1D6780D500FFF470 /* Frameworks */,
				4E05480D1D6780D500FFF470 /* Resources */,
			);
			buildRules = (
			);
			dependencies = (
				4E0548111D6780D500FFF470 /* PBXTargetDependency */,
			);
			name = "MemeMe 1.0Tests";
			productName = "MemeMe 1.0Tests";
			productReference = 4E05480F1D6780D500FFF470 /* MemeMe 1.0Tests.xctest */;
			productType = "com.apple.product-type.bundle.unit-test";
		};
		4E0548191D6780D500FFF470 /* MemeMe 1.0UITests */ = {
			isa = PBXNativeTarget;
			buildConfigurationList = 4E0548291D6780D500FFF470 /* Build configuration list for PBXNativeTarget "MemeMe 1.0UITests" */;
			buildPhases = (
				4E0548161D6780D500FFF470 /* Sources */,
				4E0548171D6780D500FFF470 /* Frameworks */,
				4E0548181D6780D500FFF470 /* Resources */,
			);
			buildRules = (
			);
			dependencies = (
				4E05481C1D6780D500FFF470 /* PBXTargetDependency */,
			);
			name = "MemeMe 1.0UITests";
			productName = "MemeMe 1.0UITests";
			productReference = 4E05481A1D6780D500FFF470 /* MemeMe 1.0UITests.xctest */;
			productType = "com.apple.product-type.bundle.ui-testing";
		};
/* End PBXNativeTarget section */

/* Begin PBXProject section */
		4E0547F31D6780D500FFF470 /* Project object */ = {
			isa = PBXProject;
			attributes = {
				LastSwiftUpdateCheck = 0730;
				LastUpgradeCheck = 1010;
				ORGANIZATIONNAME = "William Brubaker";
				TargetAttributes = {
					4E0547FA1D6780D500FFF470 = {
						CreatedOnToolsVersion = 7.3.1;
						LastSwiftMigration = 1010;
					};
					4E05480E1D6780D500FFF470 = {
						CreatedOnToolsVersion = 7.3.1;
						LastSwiftMigration = 1010;
						TestTargetID = 4E0547FA1D6780D500FFF470;
					};
					4E0548191D6780D500FFF470 = {
						CreatedOnToolsVersion = 7.3.1;
						LastSwiftMigration = 1010;
						TestTargetID = 4E0547FA1D6780D500FFF470;
					};
				};
			};
			buildConfigurationList = 4E0547F61D6780D500FFF470 /* Build configuration list for PBXProject "MemeMe 1.0" */;
			compatibilityVersion = "Xcode 3.2";
			developmentRegion = English;
			hasScannedForEncodings = 0;
			knownRegions = (
				en,
				Base,
			);
			mainGroup = 4E0547F21D6780D500FFF470;
			productRefGroup = 4E0547FC1D6780D500FFF470 /* Products */;
			projectDirPath = "";
			projectRoot = "";
			targets = (
				4E0547FA1D6780D500FFF470 /* MemeMe 1.0 */,
				4E05480E1D6780D500FFF470 /* MemeMe 1.0Tests */,
				4E0548191D6780D500FFF470 /* MemeMe 1.0UITests */,
			);
		};
/* End PBXProject section */

/* Begin PBXResourcesBuildPhase section */
		4E0547F91D6780D500FFF470 /* Resources */ = {
			isa = PBXResourcesBuildPhase;
			buildActionMask = 2147483647;
			files = (
				4E0548091D6780D500FFF470 /* LaunchScreen.storyboard in Resources */,
				4E0548061D6780D500FFF470 /* Assets.xcassets in Resources */,
				4E0548041D6780D500FFF470 /* Main.storyboard in Resources */,
			);
			runOnlyForDeploymentPostprocessing = 0;
		};
		4E05480D1D6780D500FFF470 /* Resources */ = {
			isa = PBXResourcesBuildPhase;
			buildActionMask = 2147483647;
			files = (
			);
			runOnlyForDeploymentPostprocessing = 0;
		};
		4E0548181D6780D500FFF470 /* Resources */ = {
			isa = PBXResourcesBuildPhase;
			buildActionMask = 2147483647;
			files = (
			);
			runOnlyForDeploymentPostprocessing = 0;
		};
/* End PBXResourcesBuildPhase section */

/* Begin PBXSourcesBuildPhase section */
		4E0547F71D6780D500FFF470 /* Sources */ = {
			isa = PBXSourcesBuildPhase;
			buildActionMask = 2147483647;
			files = (
				4E0547FF1D6780D500FFF470 /* AppDelegate.swift in Sources */,
				4E05482D1D67811300FFF470 /* MemeMeViewController.swift in Sources */,
				4E0548691D6AAB0300FFF470 /* MemeMeViewController+Extension.swift in Sources */,
				4E05486B1D6AAD5500FFF470 /* Meme.swift in Sources */,
			);
			runOnlyForDeploymentPostprocessing = 0;
		};
		4E05480B1D6780D500FFF470 /* Sources */ = {
			isa = PBXSourcesBuildPhase;
			buildActionMask = 2147483647;
			files = (
				4E0548141D6780D500FFF470 /* MemeMe_1_0Tests.swift in Sources */,
			);
			runOnlyForDeploymentPostprocessing = 0;
		};
		4E0548161D6780D500FFF470 /* Sources */ = {
			isa = PBXSourcesBuildPhase;
			buildActionMask = 2147483647;
			files = (
				4E05481F1D6780D500FFF470 /* MemeMe_1_0UITests.swift in Sources */,
			);
			runOnlyForDeploymentPostprocessing = 0;
		};
/* End PBXSourcesBuildPhase section */

/* Begin PBXTargetDependency section */
		4E0548111D6780D500FFF470 /* PBXTargetDependency */ = {
			isa = PBXTargetDependency;
			target = 4E0547FA1D6780D500FFF470 /* MemeMe 1.0 */;
			targetProxy = 4E0548101D6780D500FFF470 /* PBXContainerItemProxy */;
		};
		4E05481C1D6780D500FFF470 /* PBXTargetDependency */ = {
			isa = PBXTargetDependency;
			target = 4E0547FA1D6780D500FFF470 /* MemeMe 1.0 */;
			targetProxy = 4E05481B1D6780D500FFF470 /* PBXContainerItemProxy */;
		};
/* End PBXTargetDependency section */

/* Begin PBXVariantGroup section */
		4E0548021D6780D500FFF470 /* Main.storyboard */ = {
			isa = PBXVariantGroup;
			children = (
				4E0548031D6780D500FFF470 /* Base */,
			);
			name = Main.storyboard;
			sourceTree = "<group>";
		};
		4E0548071D6780D500FFF470 /* LaunchScreen.storyboard */ = {
			isa = PBXVariantGroup;
			children = (
				4E0548081D6780D500FFF470 /* Base */,
			);
			name = LaunchScreen.storyboard;
			sourceTree = "<group>";
		};
/* End PBXVariantGroup section */

/* Begin XCBuildConfiguration section */
		4E0548211D6780D500FFF470 /* Debug */ = {
			isa = XCBuildConfiguration;
			buildSettings = {
				ALWAYS_SEARCH_USER_PATHS = NO;
				CLANG_ANALYZER_NONNULL = YES;
				CLANG_CXX_LANGUAGE_STANDARD = "gnu++0x";
				CLANG_CXX_LIBRARY = "libc++";
				CLANG_ENABLE_MODULES = YES;
				CLANG_ENABLE_OBJC_ARC = YES;
				CLANG_WARN_BLOCK_CAPTURE_AUTORELEASING = YES;
				CLANG_WARN_BOOL_CONVERSION = YES;
				CLANG_WARN_COMMA = YES;
				CLANG_WARN_CONSTANT_CONVERSION = YES;
				CLANG_WARN_DEPRECATED_OBJC_IMPLEMENTATIONS = YES;
				CLANG_WARN_DIRECT_OBJC_ISA_USAGE = YES_ERROR;
				CLANG_WARN_EMPTY_BODY = YES;
				CLANG_WARN_ENUM_CONVERSION = YES;
				CLANG_WARN_INFINITE_RECURSION = YES;
				CLANG_WARN_INT_CONVERSION = YES;
				CLANG_WARN_NON_LITERAL_NULL_CONVERSION = YES;
				CLANG_WARN_OBJC_IMPLICIT_RETAIN_SELF = YES;
				CLANG_WARN_OBJC_LITERAL_CONVERSION = YES;
				CLANG_WARN_OBJC_ROOT_CLASS = YES_ERROR;
				CLANG_WARN_RANGE_LOOP_ANALYSIS = YES;
				CLANG_WARN_STRICT_PROTOTYPES = YES;
				CLANG_WARN_SUSPICIOUS_MOVE = YES;
				CLANG_WARN_UNREACHABLE_CODE = YES;
				CLANG_WARN__DUPLICATE_METHOD_MATCH = YES;
				"CODE_SIGN_IDENTITY[sdk=iphoneos*]" = "iPhone Developer";
				COPY_PHASE_STRIP = NO;
				DEBUG_INFORMATION_FORMAT = dwarf;
				ENABLE_STRICT_OBJC_MSGSEND = YES;
				ENABLE_TESTABILITY = YES;
				GCC_C_LANGUAGE_STANDARD = gnu99;
				GCC_DYNAMIC_NO_PIC = NO;
				GCC_NO_COMMON_BLOCKS = YES;
				GCC_OPTIMIZATION_LEVEL = 0;
				GCC_PREPROCESSOR_DEFINITIONS = (
					"DEBUG=1",
					"$(inherited)",
				);
				GCC_WARN_64_TO_32_BIT_CONVERSION = YES;
				GCC_WARN_ABOUT_RETURN_TYPE = YES_ERROR;
				GCC_WARN_UNDECLARED_SELECTOR = YES;
				GCC_WARN_UNINITIALIZED_AUTOS = YES_AGGRESSIVE;
				GCC_WARN_UNUSED_FUNCTION = YES;
				GCC_WARN_UNUSED_VARIABLE = YES;
				IPHONEOS_DEPLOYMENT_TARGET = 9.3;
				MTL_ENABLE_DEBUG_INFO = YES;
				ONLY_ACTIVE_ARCH = YES;
				SDKROOT = iphoneos;
				SWIFT_OPTIMIZATION_LEVEL = "-Onone";
				TARGETED_DEVICE_FAMILY = "1,2";
			};
			name = Debug;
		};
		4E0548221D6780D500FFF470 /* Release */ = {
			isa = XCBuildConfiguration;
			buildSettings = {
				ALWAYS_SEARCH_USER_PATHS = NO;
				CLANG_ANALYZER_NONNULL = YES;
				CLANG_CXX_LANGUAGE_STANDARD = "gnu++0x";
				CLANG_CXX_LIBRARY = "libc++";
				CLANG_ENABLE_MODULES = YES;
				CLANG_ENABLE_OBJC_ARC = YES;
				CLANG_WARN_BLOCK_CAPTURE_AUTORELEASING = YES;
				CLANG_WARN_BOOL_CONVERSION = YES;
				CLANG_WARN_COMMA = YES;
				CLANG_WARN_CONSTANT_CONVERSION = YES;
				CLANG_WARN_DEPRECATED_OBJC_IMPLEMENTATIONS = YES;
				CLANG_WARN_DIRECT_OBJC_ISA_USAGE = YES_ERROR;
				CLANG_WARN_EMPTY_BODY = YES;
				CLANG_WARN_ENUM_CONVERSION = YES;
				CLANG_WARN_INFINITE_RECURSION = YES;
				CLANG_WARN_INT_CONVERSION = YES;
				CLANG_WARN_NON_LITERAL_NULL_CONVERSION = YES;
				CLANG_WARN_OBJC_IMPLICIT_RETAIN_SELF = YES;
				CLANG_WARN_OBJC_LITERAL_CONVERSION = YES;
				CLANG_WARN_OBJC_ROOT_CLASS = YES_ERROR;
				CLANG_WARN_RANGE_LOOP_ANALYSIS = YES;
				CLANG_WARN_STRICT_PROTOTYPES = YES;
				CLANG_WARN_SUSPICIOUS_MOVE = YES;
				CLANG_WARN_UNREACHABLE_CODE = YES;
				CLANG_WARN__DUPLICATE_METHOD_MATCH = YES;
				"CODE_SIGN_IDENTITY[sdk=iphoneos*]" = "iPhone Developer";
				COPY_PHASE_STRIP = NO;
				DEBUG_INFORMATION_FORMAT = "dwarf-with-dsym";
				ENABLE_NS_ASSERTIONS = NO;
				ENABLE_STRICT_OBJC_MSGSEND = YES;
				GCC_C_LANGUAGE_STANDARD = gnu99;
				GCC_NO_COMMON_BLOCKS = YES;
				GCC_WARN_64_TO_32_BIT_CONVERSION = YES;
				GCC_WARN_ABOUT_RETURN_TYPE = YES_ERROR;
				GCC_WARN_UNDECLARED_SELECTOR = YES;
				GCC_WARN_UNINITIALIZED_AUTOS = YES_AGGRESSIVE;
				GCC_WARN_UNUSED_FUNCTION = YES;
				GCC_WARN_UNUSED_VARIABLE = YES;
				IPHONEOS_DEPLOYMENT_TARGET = 9.3;
				MTL_ENABLE_DEBUG_INFO = NO;
				SDKROOT = iphoneos;
				SWIFT_COMPILATION_MODE = wholemodule;
				TARGETED_DEVICE_FAMILY = "1,2";
				VALIDATE_PRODUCT = YES;
			};
			name = Release;
		};
		4E0548241D6780D500FFF470 /* Debug */ = {
			isa = XCBuildConfiguration;
			buildSettings = {
				ASSETCATALOG_COMPILER_APPICON_NAME = AppIcon;
				INFOPLIST_FILE = "MemeMe 1.0/Info.plist";
				LD_RUNPATH_SEARCH_PATHS = "$(inherited) @executable_path/Frameworks";
				PRODUCT_BUNDLE_IDENTIFIER = "IntelBeast.MemeMe-1-0";
				PRODUCT_NAME = "$(TARGET_NAME)";
				SWIFT_SWIFT3_OBJC_INFERENCE = On;
				SWIFT_VERSION = 4.2;
			};
			name = Debug;
		};
		4E0548251D6780D500FFF470 /* Release */ = {
			isa = XCBuildConfiguration;
			buildSettings = {
				ASSETCATALOG_COMPILER_APPICON_NAME = AppIcon;
				INFOPLIST_FILE = "MemeMe 1.0/Info.plist";
				LD_RUNPATH_SEARCH_PATHS = "$(inherited) @executable_path/Frameworks";
				PRODUCT_BUNDLE_IDENTIFIER = "IntelBeast.MemeMe-1-0";
				PRODUCT_NAME = "$(TARGET_NAME)";
				SWIFT_SWIFT3_OBJC_INFERENCE = On;
				SWIFT_VERSION = 4.2;
			};
			name = Release;
		};
		4E0548271D6780D500FFF470 /* Debug */ = {
			isa = XCBuildConfiguration;
			buildSettings = {
				BUNDLE_LOADER = "$(TEST_HOST)";
				INFOPLIST_FILE = "MemeMe 1.0Tests/Info.plist";
				LD_RUNPATH_SEARCH_PATHS = "$(inherited) @executable_path/Frameworks @loader_path/Frameworks";
				PRODUCT_BUNDLE_IDENTIFIER = "IntelBeast.MemeMe-1-0Tests";
				PRODUCT_NAME = "$(TARGET_NAME)";
				SWIFT_SWIFT3_OBJC_INFERENCE = On;
				SWIFT_VERSION = 4.2;
				TEST_HOST = "$(BUILT_PRODUCTS_DIR)/MemeMe 1.0.app/MemeMe 1.0";
			};
			name = Debug;
		};
		4E0548281D6780D500FFF470 /* Release */ = {
			isa = XCBuildConfiguration;
			buildSettings = {
				BUNDLE_LOADER = "$(TEST_HOST)";
				INFOPLIST_FILE = "MemeMe 1.0Tests/Info.plist";
				LD_RUNPATH_SEARCH_PATHS = "$(inherited) @executable_path/Frameworks @loader_path/Frameworks";
				PRODUCT_BUNDLE_IDENTIFIER = "IntelBeast.MemeMe-1-0Tests";
				PRODUCT_NAME = "$(TARGET_NAME)";
				SWIFT_SWIFT3_OBJC_INFERENCE = On;
				SWIFT_VERSION = 4.2;
				TEST_HOST = "$(BUILT_PRODUCTS_DIR)/MemeMe 1.0.app/MemeMe 1.0";
			};
			name = Release;
		};
		4E05482A1D6780D500FFF470 /* Debug */ = {
			isa = XCBuildConfiguration;
			buildSettings = {
				INFOPLIST_FILE = "MemeMe 1.0UITests/Info.plist";
				LD_RUNPATH_SEARCH_PATHS = "$(inherited) @executable_path/Frameworks @loader_path/Frameworks";
				PRODUCT_BUNDLE_IDENTIFIER = "IntelBeast.MemeMe-1-0UITests";
				PRODUCT_NAME = "$(TARGET_NAME)";
				SWIFT_SWIFT3_OBJC_INFERENCE = On;
				SWIFT_VERSION = 4.2;
				TEST_TARGET_NAME = "MemeMe 1.0";
			};
			name = Debug;
		};
		4E05482B1D6780D500FFF470 /* Release */ = {
			isa = XCBuildConfiguration;
			buildSettings = {
				INFOPLIST_FILE = "MemeMe 1.0UITests/Info.plist";
				LD_RUNPATH_SEARCH_PATHS = "$(inherited) @executable_path/Frameworks @loader_path/Frameworks";
				PRODUCT_BUNDLE_IDENTIFIER = "IntelBeast.MemeMe-1-0UITests";
				PRODUCT_NAME = "$(TARGET_NAME)";
				SWIFT_SWIFT3_OBJC_INFERENCE = On;
				SWIFT_VERSION = 4.2;
				TEST_TARGET_NAME = "MemeMe 1.0";
			};
			name = Release;
		};
/* End XCBuildConfiguration section */

/* Begin XCConfigurationList section */
		4E0547F61D6780D500FFF470 /* Build configuration list for PBXProject "MemeMe 1.0" */ = {
			isa = XCConfigurationList;
			buildConfigurations = (
				4E0548211D6780D500FFF470 /* Debug */,
				4E0548221D6780D500FFF470 /* Release */,
			);
			defaultConfigurationIsVisible = 0;
			defaultConfigurationName = Release;
		};
		4E0548231D6780D500FFF470 /* Build configuration list for PBXNativeTarget "MemeMe 1.0" */ = {
			isa = XCConfigurationList;
			buildConfigurations = (
				4E0548241D6780D500FFF470 /* Debug */,
				4E0548251D6780D500FFF470 /* Release */,
			);
			defaultConfigurationIsVisible = 0;
			defaultConfigurationName = Release;
		};
		4E0548261D6780D500FFF470 /* Build configuration list for PBXNativeTarget "MemeMe 1.0Tests" */ = {
			isa = XCConfigurationList;
			buildConfigurations = (
				4E0548271D6780D500FFF470 /* Debug */,
				4E0548281D6780D500FFF470 /* Release */,
			);
			defaultConfigurationIsVisible = 0;
			defaultConfigurationName = Release;
		};
		4E0548291D6780D500FFF470 /* Build configuration list for PBXNativeTarget "MemeMe 1.0UITests" */ = {
			isa = XCConfigurationList;
			buildConfigurations = (
				4E05482A1D6780D500FFF470 /* Debug */,
				4E05482B1D6780D500FFF470 /* Release */,
			);
			defaultConfigurationIsVisible = 0;
			defaultConfigurationName = Release;
		};
/* End XCConfigurationList section */
	};
	rootObject = 4E0547F31D6780D500FFF470 /* Project object */;
}
